
Microsoft Visual Studio Solution File, Format Version 12.00
# Visual Studio 15
VisualStudioVersion = 15.0.27703.2026
MinimumVisualStudioVersion = 10.0.40219.1
Project("{9A19103F-16F7-4668-BE54-9A1E7A4F7556}") = "Oracle.Net", "Oracle.Net\Oracle.Net.csproj", "{9CB75881-FBB5-400D-9A5B-059C46BA9EEE}"
EndProject
Global
	GlobalSection(SolutionConfigurationPlatforms) = preSolution
		Debug|Any CPU = Debug|Any CPU
		Release|Any CPU = Release|Any CPU
	EndGlobalSection
	GlobalSection(ProjectConfigurationPlatforms) = postSolution
		{9CB75881-FBB5-400D-9A5B-059C46BA9EEE}.Debug|Any CPU.ActiveCfg = Debug|Any CPU
		{9CB75881-FBB5-400D-9A5B-059C46BA9EEE}.Debug|Any CPU.Build.0 = Debug|Any CPU
		{9CB75881-FBB5-400D-9A5B-059C46BA9EEE}.Release|Any CPU.ActiveCfg = Release|Any CPU
		{9CB75881-FBB5-400D-9A5B-059C46BA9EEE}.Release|Any CPU.Build.0 = Release|Any CPU
	EndGlobalSection
	GlobalSection(SolutionProperties) = preSolution
		HideSolutionNode = FALSE
	EndGlobalSection
	GlobalSection(ExtensibilityGlobals) = postSolution
		SolutionGuid = {5F753BCB-C082-42C1-B2A7-5AF6677C1420}
	EndGlobalSection
EndGlobal
